{
  "version": 4,
  "terraform_version": "1.0.11",
  "serial": 21,
  "lineage": "4829cfb1-06aa-7abf-f40c-b72ebe1bb5a1",
  "outputs": {},
  "resources": [
    {
      "mode": "managed",
      "type": "scaleway_instance_ip",
      "name": "public_ip",
      "provider": "provider[\"registry.terraform.io/scaleway/scaleway\"]",
      "instances": [
        {
          "schema_version": 0,
          "attributes": {
            "address": "51.158.124.49",
            "id": "fr-par-1/aedf18d3-8492-404a-9deb-549f192a686c",
            "organization_id": "2d67d69c-7abd-4903-8d3b-11bd1f6494c6",
            "project_id": "2d67d69c-7abd-4903-8d3b-11bd1f6494c6",
            "reverse": "",
            "server_id": "fr-par-1/2cbdeab8-728a-4f0d-8c33-91d45cdfccbc",
            "timeouts": null,
            "zone": "fr-par-1"
          },
          "sensitive_attributes": [],
          "private": "eyJlMmJmYjczMC1lY2FhLTExZTYtOGY4OC0zNDM2M2JjN2M0YzAiOnsiY3JlYXRlIjo2MDAwMDAwMDAwMCwiZGVmYXVsdCI6NjAwMDAwMDAwMDAsImRlbGV0ZSI6NjAwMDAwMDAwMDAsInJlYWQiOjYwMDAwMDAwMDAwLCJ1cGRhdGUiOjYwMDAwMDAwMDAwfX0="
        }
      ]
    },
    {
      "mode": "managed",
      "type": "scaleway_instance_server",
      "name": "web",
      "provider": "provider[\"registry.terraform.io/scaleway/scaleway\"]",
      "instances": [
        {
          "schema_version": 0,
          "attributes": {
            "additional_volume_ids": null,
            "boot_type": "local",
            "bootscript_id": "fdfe150f-a870-4ce4-b432-9f56b5b995c1",
            "cloud_init": null,
            "enable_dynamic_ip": false,
            "enable_ipv6": false,
            "id": "fr-par-1/16d87337-5aed-4002-9cbb-b0e622d7105f",
            "image": "ubuntu_focal",
            "ip_id": "fr-par-1/aedf18d3-8492-404a-9deb-549f192a686c",
            "ipv6_address": "",
            "ipv6_gateway": "",
            "ipv6_prefix_length": 0,
            "name": "tf-srv-clever-ishizaka",
            "organization_id": "2d67d69c-7abd-4903-8d3b-11bd1f6494c6",
            "placement_group_id": null,
            "placement_group_policy_respected": null,
            "private_ip": "10.64.18.93",
            "project_id": "2d67d69c-7abd-4903-8d3b-11bd1f6494c6",
            "public_ip": "51.158.124.49",
            "root_volume": [
              {
                "delete_on_termination": true,
                "size_in_gb": 20,
                "volume_id": "fr-par-1/941edce9-dbc6-4518-82c0-1143b24a5e8f"
              }
            ],
            "security_group_id": "fr-par-1/cdb2e293-87bf-49a3-be58-0d995e2802ce",
            "state": "started",
            "tags": null,
            "timeouts": null,
            "type": "DEV1-S",
            "user_data": {
              "DATABASE_URI": "postgres://my_initial_user:thiZ_is_v\u0026ry_s3cret@51.159.9.176:13411/rdb"
            },
            "zone": "fr-par-1"
          },
          "sensitive_attributes": [
            [
              {
                "type": "get_attr",
                "value": "user_data"
              },
              {
                "type": "index",
                "value": {
                  "value": "DATABASE_URI",
                  "type": "string"
                }
              }
            ]
          ],
          "private": "eyJlMmJmYjczMC1lY2FhLTExZTYtOGY4OC0zNDM2M2JjN2M0YzAiOnsiY3JlYXRlIjo2MDAwMDAwMDAwMDAsImRlZmF1bHQiOjYwMDAwMDAwMDAwMCwiZGVsZXRlIjo2MDAwMDAwMDAwMDAsInJlYWQiOjYwMDAwMDAwMDAwMCwidXBkYXRlIjo2MDAwMDAwMDAwMDB9fQ==",
          "dependencies": [
            "scaleway_instance_ip.public_ip",
            "scaleway_rdb_instance.main"
          ]
        }
      ]
    },
    {
      "mode": "managed",
      "type": "scaleway_rdb_instance",
      "name": "main",
      "provider": "provider[\"registry.terraform.io/scaleway/scaleway\"]",
      "instances": [
        {
          "schema_version": 0,
          "attributes": {
            "certificate": "-----BEGIN CERTIFICATE-----\nMIID9TCCAt2gAwIBAgIUWJwgX2DjG6GJMCD/mnbHCN3qIQ4wDQYJKoZIhvcNAQEL\nBQAwgYcxCzAJBgNVBAYTAkZSMQ4wDAYDVQQIDAVQYXJpczEOMAwGA1UEBwwFUGFy\naXMxETAPBgNVBAoMCFNjYWxld2F5MUUwQwYDVQQDDDxydy1jMTY5YzU5Zi02YTAw\nLTRlZWYtODIyNC1kZjFiMGVjZDViNWYucmRiLmZyLXBhci5zY3cuY2xvdWQwHhcN\nMjExMTIzMTc1NDA3WhcNMzExMTIxMTc1NDA3WjCBhzELMAkGA1UEBhMCRlIxDjAM\nBgNVBAgMBVBhcmlzMQ4wDAYDVQQHDAVQYXJpczERMA8GA1UECgwIU2NhbGV3YXkx\nRTBDBgNVBAMMPHJ3LWMxNjljNTlmLTZhMDAtNGVlZi04MjI0LWRmMWIwZWNkNWI1\nZi5yZGIuZnItcGFyLnNjdy5jbG91ZDCCASIwDQYJKoZIhvcNAQEBBQADggEPADCC\nAQoCggEBALnT9s2MDKI8FW3YROW6zpBcPQ/ifC3kYcf+0+SbA4lTPMPGHVDF8cEJ\ndFZ7ccKmxj3j17zkQOCtl1dY+KsmZ+fvHz1QdVkt/RASvi93lz9JzmUlDQ9roTKc\nM5xJOPVWWyOdK9qZQQV3Nn9MMHHWNvvPstUgnC8GBx4H5Jn4efwL/Ma//wCE9Zhd\nM7u6cbPCVYic3grOiVOld6RHBg7AEZP8JY9ooAvpcAP3ubEOmZyNXi4Xpy62r/fx\n0UQD0X9a39El+pzAPI4NTJCh7j42ftBnfkwbtQg4zy3ZhSjOq3GF2+pYk108Kcad\njuhRjm+G84wY0p2vkOwLZs23gvK/+zcCAwEAAaNXMFUwUwYDVR0RBEwwSoI8cnct\nYzE2OWM1OWYtNmEwMC00ZWVmLTgyMjQtZGYxYjBlY2Q1YjVmLnJkYi5mci1wYXIu\nc2N3LmNsb3VkhwQzD/kuhwQznwmwMA0GCSqGSIb3DQEBCwUAA4IBAQBrEMQyG5kH\nsbh9nIWg3WqFEjhck57WsUq78WDUgjtZ/a0JCF09N2IXyXN1Ms8AvLOeUfAH6ySq\nr8CrR/nLaXhvNs2mWbt3MEjf8l4nV21RPvdYt3Qjk0cQqcq35w/vymM8sm3E3RMO\n0OSWSsQ/HsWEt5B97ntB5wdFVONCQ+5gkX3JRP4KyBYzmygQm7ehQGlnGG0EnQTs\nmC4Q0GISJ2pWpTyV18rSdcpO6ME5WkEQx+F1WFpIB7hsiXShumzjs6FpiD37nScM\nQ9aEWHFaDRDGZW6vtjo5AvsdMM9sosnSNo2lDr0pfvKYfNLTXbyyvJwleQGXU61n\nUVfJ5zDKjJ7I\n-----END CERTIFICATE-----\n",
            "disable_backup": false,
            "endpoint_ip": "51.159.9.176",
            "endpoint_port": 13411,
            "engine": "PostgreSQL-11",
            "id": "fr-par/c169c59f-6a00-4eef-8224-df1b0ecd5b5f",
            "is_ha_cluster": false,
            "name": "test-rdb",
            "node_type": "db-dev-s",
            "organization_id": "2d67d69c-7abd-4903-8d3b-11bd1f6494c6",
            "password": "thiZ_is_v\u0026ry_s3cret",
            "project_id": "2d67d69c-7abd-4903-8d3b-11bd1f6494c6",
            "read_replicas": [],
            "region": "fr-par",
            "settings": {
              "effective_cache_size": "1300",
              "maintenance_work_mem": "150",
              "max_connections": "100",
              "max_parallel_workers": "0",
              "max_parallel_workers_per_gather": "0",
              "work_mem": "4"
            },
            "tags": [],
            "timeouts": null,
            "user_name": "my_initial_user",
            "volume_size_in_gb": 5,
            "volume_type": "lssd"
          },
          "sensitive_attributes": [],
          "private": "eyJlMmJmYjczMC1lY2FhLTExZTYtOGY4OC0zNDM2M2JjN2M0YzAiOnsiY3JlYXRlIjo5MDAwMDAwMDAwMDAsImRlZmF1bHQiOjkwMDAwMDAwMDAwMCwiZGVsZXRlIjo5MDAwMDAwMDAwMDAsInJlYWQiOjkwMDAwMDAwMDAwMCwidXBkYXRlIjo5MDAwMDAwMDAwMDB9fQ=="
        }
      ]
    }
  ]
}
